# THIS IS AN AUTOGENERATED FILE. DO NOT EDIT THIS FILE DIRECTLY.
# yarn lockfile v1


create-vite@^5.0.0:
  version "5.0.0"
  resolved "https://registry.yarnpkg.com/create-vite/-/create-vite-5.0.0.tgz#f67a5048d1da15891904b8ed6e3fdce42c635bb0"
  integrity sha512-whEVgshjPziiihkjvrhZVdxZ+KLrDi2OoGHjjPjavmkUfM1OJrwH1AtTsIDzL6tPcuWiNE9kO6GnTROzMGtIMw==
